// !$*UTF8*$!
{
	archiveVersion = 1;
	classes = {
	};
	objectVersion = 55;
	objects = {

/* Begin PBXBuildFile section */
		52819FAD28BC0A7C006E0DB0 /* AppDelegate.swift in Sources */ = {isa = PBXBuildFile; fileRef = 52819FAC28BC0A7C006E0DB0 /* AppDelegate.swift */; };
		52819FAF28BC0A7C006E0DB0 /* SceneDelegate.swift in Sources */ = {isa = PBXBuildFile; fileRef = 52819FAE28BC0A7C006E0DB0 /* SceneDelegate.swift */; };
		52819FB128BC0A7C006E0DB0 /* SignInVC.swift in Sources */ = {isa = PBXBuildFile; fileRef = 52819FB028BC0A7C006E0DB0 /* SignInVC.swift */; };
		52819FB428BC0A7C006E0DB0 /* Main.storyboard in Resources */ = {isa = PBXBuildFile; fileRef = 52819FB228BC0A7C006E0DB0 /* Main.storyboard */; };
		52819FB628BC0A7D006E0DB0 /* Assets.xcassets in Resources */ = {isa = PBXBuildFile; fileRef = 52819FB528BC0A7D006E0DB0 /* Assets.xcassets */; };
		52819FB928BC0A7D006E0DB0 /* LaunchScreen.storyboard in Resources */ = {isa = PBXBuildFile; fileRef = 52819FB728BC0A7D006E0DB0 /* LaunchScreen.storyboard */; };
		52819FC128BC0B0B006E0DB0 /* GoogleService-Info.plist in Resources */ = {isa = PBXBuildFile; fileRef = 52819FC028BC0B0B006E0DB0 /* GoogleService-Info.plist */; };
		52819FC428BC0C72006E0DB0 /* FirebaseAnalytics in Frameworks */ = {isa = PBXBuildFile; productRef = 52819FC328BC0C72006E0DB0 /* FirebaseAnalytics */; };
		52819FC628BC0C72006E0DB0 /* FirebaseAnalyticsOnDeviceConversion in Frameworks */ = {isa = PBXBuildFile; productRef = 52819FC528BC0C72006E0DB0 /* FirebaseAnalyticsOnDeviceConversion */; };
		52819FC828BC0C72006E0DB0 /* FirebaseAnalyticsSwift in Frameworks */ = {isa = PBXBuildFile; productRef = 52819FC728BC0C72006E0DB0 /* FirebaseAnalyticsSwift */; };
		52819FCA28BC0C72006E0DB0 /* FirebaseAnalyticsWithoutAdIdSupport in Frameworks */ = {isa = PBXBuildFile; productRef = 52819FC928BC0C72006E0DB0 /* FirebaseAnalyticsWithoutAdIdSupport */; };
		52819FCC28BC0C72006E0DB0 /* FirebaseAuth in Frameworks */ = {isa = PBXBuildFile; productRef = 52819FCB28BC0C72006E0DB0 /* FirebaseAuth */; };
		52819FCE28BC0C72006E0DB0 /* FirebaseAuthCombine-Community in Frameworks */ = {isa = PBXBuildFile; productRef = 52819FCD28BC0C72006E0DB0 /* FirebaseAuthCombine-Community */; };
		52819FD028BC0C72006E0DB0 /* FirebaseFirestore in Frameworks */ = {isa = PBXBuildFile; productRef = 52819FCF28BC0C72006E0DB0 /* FirebaseFirestore */; };
		52819FD228BC0C72006E0DB0 /* FirebaseFirestoreCombine-Community in Frameworks */ = {isa = PBXBuildFile; productRef = 52819FD128BC0C72006E0DB0 /* FirebaseFirestoreCombine-Community */; };
		52819FD428BC0C72006E0DB0 /* FirebaseFirestoreSwift in Frameworks */ = {isa = PBXBuildFile; productRef = 52819FD328BC0C72006E0DB0 /* FirebaseFirestoreSwift */; };
		52819FD628BC0C72006E0DB0 /* FirebaseStorage in Frameworks */ = {isa = PBXBuildFile; productRef = 52819FD528BC0C72006E0DB0 /* FirebaseStorage */; };
		52819FD828BC0C72006E0DB0 /* FirebaseStorageCombine-Community in Frameworks */ = {isa = PBXBuildFile; productRef = 52819FD728BC0C72006E0DB0 /* FirebaseStorageCombine-Community */; };
		52819FDC28BC10D0006E0DB0 /* SignUpVC.swift in Sources */ = {isa = PBXBuildFile; fileRef = 52819FDB28BC10D0006E0DB0 /* SignUpVC.swift */; };
		52819FDE28BC15EA006E0DB0 /* FeedVC.swift in Sources */ = {isa = PBXBuildFile; fileRef = 52819FDD28BC15EA006E0DB0 /* FeedVC.swift */; };
		52819FE028BC15F8006E0DB0 /* UploadVC.swift in Sources */ = {isa = PBXBuildFile; fileRef = 52819FDF28BC15F8006E0DB0 /* UploadVC.swift */; };
		52819FE228BC160B006E0DB0 /* ProfileVC.swift in Sources */ = {isa = PBXBuildFile; fileRef = 52819FE128BC160B006E0DB0 /* ProfileVC.swift */; };
		52819FE628BC194F006E0DB0 /* SnapVC.swift in Sources */ = {isa = PBXBuildFile; fileRef = 52819FE528BC194F006E0DB0 /* SnapVC.swift */; };
/* End PBXBuildFile section */

/* Begin PBXFileReference section */
		52819FA928BC0A7C006E0DB0 /* BasicSnapchatClone.app */ = {isa = PBXFileReference; explicitFileType = wrapper.application; includeInIndex = 0; path = BasicSnapchatClone.app; sourceTree = BUILT_PRODUCTS_DIR; };
		52819FAC28BC0A7C006E0DB0 /* AppDelegate.swift */ = {isa = PBXFileReference; lastKnownFileType = sourcecode.swift; path = AppDelegate.swift; sourceTree = "<group>"; };
		52819FAE28BC0A7C006E0DB0 /* SceneDelegate.swift */ = {isa = PBXFileReference; lastKnownFileType = sourcecode.swift; path = SceneDelegate.swift; sourceTree = "<group>"; };
		52819FB028BC0A7C006E0DB0 /* SignInVC.swift */ = {isa = PBXFileReference; lastKnownFileType = sourcecode.swift; path = SignInVC.swift; sourceTree = "<group>"; };
		52819FB328BC0A7C006E0DB0 /* Base */ = {isa = PBXFileReference; lastKnownFileType = file.storyboard; name = Base; path = Base.lproj/Main.storyboard; sourceTree = "<group>"; };
		52819FB528BC0A7D006E0DB0 /* Assets.xcassets */ = {isa = PBXFileReference; lastKnownFileType = folder.assetcatalog; path = Assets.xcassets; sourceTree = "<group>"; };
		52819FB828BC0A7D006E0DB0 /* Base */ = {isa = PBXFileReference; lastKnownFileType = file.storyboard; name = Base; path = Base.lproj/LaunchScreen.storyboard; sourceTree = "<group>"; };
		52819FBA28BC0A7D006E0DB0 /* Info.plist */ = {isa = PBXFileReference; lastKnownFileType = text.plist.xml; path = Info.plist; sourceTree = "<group>"; };
		52819FC028BC0B0B006E0DB0 /* GoogleService-Info.plist */ = {isa = PBXFileReference; fileEncoding = 4; lastKnownFileType = text.plist.xml; path = "GoogleService-Info.plist"; sourceTree = "<group>"; };
		52819FDB28BC10D0006E0DB0 /* SignUpVC.swift */ = {isa = PBXFileReference; lastKnownFileType = sourcecode.swift; path = SignUpVC.swift; sourceTree = "<group>"; };
		52819FDD28BC15EA006E0DB0 /* FeedVC.swift */ = {isa = PBXFileReference; lastKnownFileType = sourcecode.swift; path = FeedVC.swift; sourceTree = "<group>"; };
		52819FDF28BC15F8006E0DB0 /* UploadVC.swift */ = {isa = PBXFileReference; lastKnownFileType = sourcecode.swift; path = UploadVC.swift; sourceTree = "<group>"; };
		52819FE128BC160B006E0DB0 /* ProfileVC.swift */ = {isa = PBXFileReference; lastKnownFileType = sourcecode.swift; path = ProfileVC.swift; sourceTree = "<group>"; };
		52819FE528BC194F006E0DB0 /* SnapVC.swift */ = {isa = PBXFileReference; lastKnownFileType = sourcecode.swift; path = SnapVC.swift; sourceTree = "<group>"; };
/* End PBXFileReference section */

/* Begin PBXFrameworksBuildPhase section */
		52819FA628BC0A7C006E0DB0 /* Frameworks */ = {
			isa = PBXFrameworksBuildPhase;
			buildActionMask = 2147483647;
			files = (
				52819FD828BC0C72006E0DB0 /* FirebaseStorageCombine-Community in Frameworks */,
				52819FC828BC0C72006E0DB0 /* FirebaseAnalyticsSwift in Frameworks */,
				52819FD228BC0C72006E0DB0 /* FirebaseFirestoreCombine-Community in Frameworks */,
				52819FCE28BC0C72006E0DB0 /* FirebaseAuthCombine-Community in Frameworks */,
				52819FD628BC0C72006E0DB0 /* FirebaseStorage in Frameworks */,
				52819FCC28BC0C72006E0DB0 /* FirebaseAuth in Frameworks */,
				52819FC428BC0C72006E0DB0 /* FirebaseAnalytics in Frameworks */,
				52819FC628BC0C72006E0DB0 /* FirebaseAnalyticsOnDeviceConversion in Frameworks */,
				52819FCA28BC0C72006E0DB0 /* FirebaseAnalyticsWithoutAdIdSupport in Frameworks */,
				52819FD028BC0C72006E0DB0 /* FirebaseFirestore in Frameworks */,
				52819FD428BC0C72006E0DB0 /* FirebaseFirestoreSwift in Frameworks */,
			);
			runOnlyForDeploymentPostprocessing = 0;
		};
/* End PBXFrameworksBuildPhase section */

/* Begin PBXGroup section */
		52819FA028BC0A7C006E0DB0 = {
			isa = PBXGroup;
			children = (
				52819FAB28BC0A7C006E0DB0 /* BasicSnapchatClone */,
				52819FAA28BC0A7C006E0DB0 /* Products */,
			);
			sourceTree = "<group>";
		};
		52819FAA28BC0A7C006E0DB0 /* Products */ = {
			isa = PBXGroup;
			children = (
				52819FA928BC0A7C006E0DB0 /* BasicSnapchatClone.app */,
			);
			name = Products;
			sourceTree = "<group>";
		};
		52819FAB28BC0A7C006E0DB0 /* BasicSnapchatClone */ = {
			isa = PBXGroup;
			children = (
				52819FE428BC163F006E0DB0 /* Delegates */,
				52819FE328BC1617006E0DB0 /* ViewControllers */,
				52819FB228BC0A7C006E0DB0 /* Main.storyboard */,
				52819FB528BC0A7D006E0DB0 /* Assets.xcassets */,
				52819FB728BC0A7D006E0DB0 /* LaunchScreen.storyboard */,
				52819FBA28BC0A7D006E0DB0 /* Info.plist */,
				52819FC028BC0B0B006E0DB0 /* GoogleService-Info.plist */,
			);
			path = BasicSnapchatClone;
			sourceTree = "<group>";
		};
		52819FE328BC1617006E0DB0 /* ViewControllers */ = {
			isa = PBXGroup;
			children = (
				52819FB028BC0A7C006E0DB0 /* SignInVC.swift */,
				52819FDB28BC10D0006E0DB0 /* SignUpVC.swift */,
				52819FDD28BC15EA006E0DB0 /* FeedVC.swift */,
				52819FDF28BC15F8006E0DB0 /* UploadVC.swift */,
				52819FE128BC160B006E0DB0 /* ProfileVC.swift */,
				52819FE528BC194F006E0DB0 /* SnapVC.swift */,
			);
			path = ViewControllers;
			sourceTree = "<group>";
		};
		52819FE428BC163F006E0DB0 /* Delegates */ = {
			isa = PBXGroup;
			children = (
				52819FAC28BC0A7C006E0DB0 /* AppDelegate.swift */,
				52819FAE28BC0A7C006E0DB0 /* SceneDelegate.swift */,
			);
			path = Delegates;
			sourceTree = "<group>";
		};
/* End PBXGroup section */

/* Begin PBXNativeTarget section */
		52819FA828BC0A7C006E0DB0 /* BasicSnapchatClone */ = {
			isa = PBXNativeTarget;
			buildConfigurationList = 52819FBD28BC0A7D006E0DB0 /* Build configuration list for PBXNativeTarget "BasicSnapchatClone" */;
			buildPhases = (
				52819FA528BC0A7C006E0DB0 /* Sources */,
				52819FA628BC0A7C006E0DB0 /* Frameworks */,
				52819FA728BC0A7C006E0DB0 /* Resources */,
			);
			buildRules = (
			);
			dependencies = (
			);
			name = BasicSnapchatClone;
			packageProductDependencies = (
				52819FC328BC0C72006E0DB0 /* FirebaseAnalytics */,
				52819FC528BC0C72006E0DB0 /* FirebaseAnalyticsOnDeviceConversion */,
				52819FC728BC0C72006E0DB0 /* FirebaseAnalyticsSwift */,
				52819FC928BC0C72006E0DB0 /* FirebaseAnalyticsWithoutAdIdSupport */,
				52819FCB28BC0C72006E0DB0 /* FirebaseAuth */,
				52819FCD28BC0C72006E0DB0 /* FirebaseAuthCombine-Community */,
				52819FCF28BC0C72006E0DB0 /* FirebaseFirestore */,
				52819FD128BC0C72006E0DB0 /* FirebaseFirestoreCombine-Community */,
				52819FD328BC0C72006E0DB0 /* FirebaseFirestoreSwift */,
				52819FD528BC0C72006E0DB0 /* FirebaseStorage */,
				52819FD728BC0C72006E0DB0 /* FirebaseStorageCombine-Community */,
			);
			productName = BasicSnapchatClone;
			productReference = 52819FA928BC0A7C006E0DB0 /* BasicSnapchatClone.app */;
			productType = "com.apple.product-type.application";
		};
/* End PBXNativeTarget section */

/* Begin PBXProject section */
		52819FA128BC0A7C006E0DB0 /* Project object */ = {
			isa = PBXProject;
			attributes = {
				BuildIndependentTargetsInParallel = 1;
				LastSwiftUpdateCheck = 1340;
				LastUpgradeCheck = 1340;
				TargetAttributes = {
					52819FA828BC0A7C006E0DB0 = {
						CreatedOnToolsVersion = 13.4.1;
					};
				};
			};
			buildConfigurationList = 52819FA428BC0A7C006E0DB0 /* Build configuration list for PBXProject "BasicSnapchatClone" */;
			compatibilityVersion = "Xcode 13.0";
			developmentRegion = en;
			hasScannedForEncodings = 0;
			knownRegions = (
				en,
				Base,
			);
			mainGroup = 52819FA028BC0A7C006E0DB0;
			packageReferences = (
				52819FC228BC0C72006E0DB0 /* XCRemoteSwiftPackageReference "firebase-ios-sdk" */,
			);
			productRefGroup = 52819FAA28BC0A7C006E0DB0 /* Products */;
			projectDirPath = "";
			projectRoot = "";
			targets = (
				52819FA828BC0A7C006E0DB0 /* BasicSnapchatClone */,
			);
		};
/* End PBXProject section */

/* Begin PBXResourcesBuildPhase section */
		52819FA728BC0A7C006E0DB0 /* Resources */ = {
			isa = PBXResourcesBuildPhase;
			buildActionMask = 2147483647;
			files = (
				52819FB928BC0A7D006E0DB0 /* LaunchScreen.storyboard in Resources */,
				52819FC128BC0B0B006E0DB0 /* GoogleService-Info.plist in Resources */,
				52819FB628BC0A7D006E0DB0 /* Assets.xcassets in Resources */,
				52819FB428BC0A7C006E0DB0 /* Main.storyboard in Resources */,
			);
			runOnlyForDeploymentPostprocessing = 0;
		};
/* End PBXResourcesBuildPhase section */

/* Begin PBXSourcesBuildPhase section */
		52819FA528BC0A7C006E0DB0 /* Sources */ = {
			isa = PBXSourcesBuildPhase;
			buildActionMask = 2147483647;
			files = (
				52819FDC28BC10D0006E0DB0 /* SignUpVC.swift in Sources */,
				52819FE028BC15F8006E0DB0 /* UploadVC.swift in Sources */,
				52819FE628BC194F006E0DB0 /* SnapVC.swift in Sources */,
				52819FE228BC160B006E0DB0 /* ProfileVC.swift in Sources */,
				52819FB128BC0A7C006E0DB0 /* SignInVC.swift in Sources */,
				52819FDE28BC15EA006E0DB0 /* FeedVC.swift in Sources */,
				52819FAD28BC0A7C006E0DB0 /* AppDelegate.swift in Sources */,
				52819FAF28BC0A7C006E0DB0 /* SceneDelegate.swift in Sources */,
			);
			runOnlyForDeploymentPostprocessing = 0;
		};
/* End PBXSourcesBuildPhase section */

/* Begin PBXVariantGroup section */
		52819FB228BC0A7C006E0DB0 /* Main.storyboard */ = {
			isa = PBXVariantGroup;
			children = (
				52819FB328BC0A7C006E0DB0 /* Base */,
			);
			name = Main.storyboard;
			sourceTree = "<group>";
		};
		52819FB728BC0A7D006E0DB0 /* LaunchScreen.storyboard */ = {
			isa = PBXVariantGroup;
			children = (
				52819FB828BC0A7D006E0DB0 /* Base */,
			);
			name = LaunchScreen.storyboard;
			sourceTree = "<group>";
		};
/* End PBXVariantGroup section */

/* Begin XCBuildConfiguration section */
		52819FBB28BC0A7D006E0DB0 /* Debug */ = {
			isa = XCBuildConfiguration;
			buildSettings = {
				ALWAYS_SEARCH_USER_PATHS = NO;
				CLANG_ANALYZER_NONNULL = YES;
				CLANG_ANALYZER_NUMBER_OBJECT_CONVERSION = YES_AGGRESSIVE;
				CLANG_CXX_LANGUAGE_STANDARD = "gnu++17";
				CLANG_ENABLE_MODULES = YES;
				CLANG_ENABLE_OBJC_ARC = YES;
				CLANG_ENABLE_OBJC_WEAK = YES;
				CLANG_WARN_BLOCK_CAPTURE_AUTORELEASING = YES;
				CLANG_WARN_BOOL_CONVERSION = YES;
				CLANG_WARN_COMMA = YES;
				CLANG_WARN_CONSTANT_CONVERSION = YES;
				CLANG_WARN_DEPRECATED_OBJC_IMPLEMENTATIONS = YES;
				CLANG_WARN_DIRECT_OBJC_ISA_USAGE = YES_ERROR;
				CLANG_WARN_DOCUMENTATION_COMMENTS = YES;
				CLANG_WARN_EMPTY_BODY = YES;
				CLANG_WARN_ENUM_CONVERSION = YES;
				CLANG_WARN_INFINITE_RECURSION = YES;
				CLANG_WARN_INT_CONVERSION = YES;
				CLANG_WARN_NON_LITERAL_NULL_CONVERSION = YES;
				CLANG_WARN_OBJC_IMPLICIT_RETAIN_SELF = YES;
				CLANG_WARN_OBJC_LITERAL_CONVERSION = YES;
				CLANG_WARN_OBJC_ROOT_CLASS = YES_ERROR;
				CLANG_WARN_QUOTED_INCLUDE_IN_FRAMEWORK_HEADER = YES;
				CLANG_WARN_RANGE_LOOP_ANALYSIS = YES;
				CLANG_WARN_STRICT_PROTOTYPES = YES;
				CLANG_WARN_SUSPICIOUS_MOVE = YES;
				CLANG_WARN_UNGUARDED_AVAILABILITY = YES_AGGRESSIVE;
				CLANG_WARN_UNREACHABLE_CODE = YES;
				CLANG_WARN__DUPLICATE_METHOD_MATCH = YES;
				COPY_PHASE_STRIP = NO;
				DEBUG_INFORMATION_FORMAT = dwarf;
				ENABLE_STRICT_OBJC_MSGSEND = YES;
				ENABLE_TESTABILITY = YES;
				GCC_C_LANGUAGE_STANDARD = gnu11;
				GCC_DYNAMIC_NO_PIC = NO;
				GCC_NO_COMMON_BLOCKS = YES;
				GCC_OPTIMIZATION_LEVEL = 0;
				GCC_PREPROCESSOR_DEFINITIONS = (
					"DEBUG=1",
					"$(inherited)",
				);
				GCC_WARN_64_TO_32_BIT_CONVERSION = YES;
				GCC_WARN_ABOUT_RETURN_TYPE = YES_ERROR;
				GCC_WARN_UNDECLARED_SELECTOR = YES;
				GCC_WARN_UNINITIALIZED_AUTOS = YES_AGGRESSIVE;
				GCC_WARN_UNUSED_FUNCTION = YES;
				GCC_WARN_UNUSED_VARIABLE = YES;
				IPHONEOS_DEPLOYMENT_TARGET = 15.5;
				MTL_ENABLE_DEBUG_INFO = INCLUDE_SOURCE;
				MTL_FAST_MATH = YES;
				ONLY_ACTIVE_ARCH = YES;
				SDKROOT = iphoneos;
				SWIFT_ACTIVE_COMPILATION_CONDITIONS = DEBUG;
				SWIFT_OPTIMIZATION_LEVEL = "-Onone";
			};
			name = Debug;
		};
		52819FBC28BC0A7D006E0DB0 /* Release */ = {
			isa = XCBuildConfiguration;
			buildSettings = {
				ALWAYS_SEARCH_USER_PATHS = NO;
				CLANG_ANALYZER_NONNULL = YES;
				CLANG_ANALYZER_NUMBER_OBJECT_CONVERSION = YES_AGGRESSIVE;
				CLANG_CXX_LANGUAGE_STANDARD = "gnu++17";
				CLANG_ENABLE_MODULES = YES;
				CLANG_ENABLE_OBJC_ARC = YES;
				CLANG_ENABLE_OBJC_WEAK = YES;
				CLANG_WARN_BLOCK_CAPTURE_AUTORELEASING = YES;
				CLANG_WARN_BOOL_CONVERSION = YES;
				CLANG_WARN_COMMA = YES;
				CLANG_WARN_CONSTANT_CONVERSION = YES;
				CLANG_WARN_DEPRECATED_OBJC_IMPLEMENTATIONS = YES;
				CLANG_WARN_DIRECT_OBJC_ISA_USAGE = YES_ERROR;
				CLANG_WARN_DOCUMENTATION_COMMENTS = YES;
				CLANG_WARN_EMPTY_BODY = YES;
				CLANG_WARN_ENUM_CONVERSION = YES;
				CLANG_WARN_INFINITE_RECURSION = YES;
				CLANG_WARN_INT_CONVERSION = YES;
				CLANG_WARN_NON_LITERAL_NULL_CONVERSION = YES;
				CLANG_WARN_OBJC_IMPLICIT_RETAIN_SELF = YES;
				CLANG_WARN_OBJC_LITERAL_CONVERSION = YES;
				CLANG_WARN_OBJC_ROOT_CLASS = YES_ERROR;
				CLANG_WARN_QUOTED_INCLUDE_IN_FRAMEWORK_HEADER = YES;
				CLANG_WARN_RANGE_LOOP_ANALYSIS = YES;
				CLANG_WARN_STRICT_PROTOTYPES = YES;
				CLANG_WARN_SUSPICIOUS_MOVE = YES;
				CLANG_WARN_UNGUARDED_AVAILABILITY = YES_AGGRESSIVE;
				CLANG_WARN_UNREACHABLE_CODE = YES;
				CLANG_WARN__DUPLICATE_METHOD_MATCH = YES;
				COPY_PHASE_STRIP = NO;
				DEBUG_INFORMATION_FORMAT = "dwarf-with-dsym";
				ENABLE_NS_ASSERTIONS = NO;
				ENABLE_STRICT_OBJC_MSGSEND = YES;
				GCC_C_LANGUAGE_STANDARD = gnu11;
				GCC_NO_COMMON_BLOCKS = YES;
				GCC_WARN_64_TO_32_BIT_CONVERSION = YES;
				GCC_WARN_ABOUT_RETURN_TYPE = YES_ERROR;
				GCC_WARN_UNDECLARED_SELECTOR = YES;
				GCC_WARN_UNINITIALIZED_AUTOS = YES_AGGRESSIVE;
				GCC_WARN_UNUSED_FUNCTION = YES;
				GCC_WARN_UNUSED_VARIABLE = YES;
				IPHONEOS_DEPLOYMENT_TARGET = 15.5;
				MTL_ENABLE_DEBUG_INFO = NO;
				MTL_FAST_MATH = YES;
				SDKROOT = iphoneos;
				SWIFT_COMPILATION_MODE = wholemodule;
				SWIFT_OPTIMIZATION_LEVEL = "-O";
				VALIDATE_PRODUCT = YES;
			};
			name = Release;
		};
		52819FBE28BC0A7D006E0DB0 /* Debug */ = {
			isa = XCBuildConfiguration;
			buildSettings = {
				ASSETCATALOG_COMPILER_APPICON_NAME = AppIcon;
				ASSETCATALOG_COMPILER_GLOBAL_ACCENT_COLOR_NAME = AccentColor;
				CODE_SIGN_STYLE = Automatic;
				CURRENT_PROJECT_VERSION = 1;
				DEVELOPMENT_TEAM = MSQCXVM7HL;
				GENERATE_INFOPLIST_FILE = YES;
				INFOPLIST_FILE = BasicSnapchatClone/Info.plist;
				INFOPLIST_KEY_UIApplicationSupportsIndirectInputEvents = YES;
				INFOPLIST_KEY_UILaunchStoryboardName = LaunchScreen;
				INFOPLIST_KEY_UIMainStoryboardFile = Main;
				INFOPLIST_KEY_UISupportedInterfaceOrientations = UIInterfaceOrientationPortrait;
				INFOPLIST_KEY_UISupportedInterfaceOrientations_iPad = "UIInterfaceOrientationPortrait UIInterfaceOrientationPortraitUpsideDown UIInterfaceOrientationLandscapeLeft UIInterfaceOrientationLandscapeRight";
				INFOPLIST_KEY_UISupportedInterfaceOrientations_iPhone = "UIInterfaceOrientationPortrait UIInterfaceOrientationLandscapeLeft UIInterfaceOrientationLandscapeRight";
				LD_RUNPATH_SEARCH_PATHS = (
					"$(inherited)",
					"@executable_path/Frameworks",
				);
				MARKETING_VERSION = 1.0;
				PRODUCT_BUNDLE_IDENTIFIER = com.ilkertacyildiz.BasicSnapchatClone;
				PRODUCT_NAME = "$(TARGET_NAME)";
				SWIFT_EMIT_LOC_STRINGS = YES;
				SWIFT_VERSION = 5.0;
				TARGETED_DEVICE_FAMILY = "1,2";
			};
			name = Debug;
		};
		52819FBF28BC0A7D006E0DB0 /* Release */ = {
			isa = XCBuildConfiguration;
			buildSettings = {
				ASSETCATALOG_COMPILER_APPICON_NAME = AppIcon;
				ASSETCATALOG_COMPILER_GLOBAL_ACCENT_COLOR_NAME = AccentColor;
				CODE_SIGN_STYLE = Automatic;
				CURRENT_PROJECT_VERSION = 1;
				DEVELOPMENT_TEAM = MSQCXVM7HL;
				GENERATE_INFOPLIST_FILE = YES;
				INFOPLIST_FILE = BasicSnapchatClone/Info.plist;
				INFOPLIST_KEY_UIApplicationSupportsIndirectInputEvents = YES;
				INFOPLIST_KEY_UILaunchStoryboardName = LaunchScreen;
				INFOPLIST_KEY_UIMainStoryboardFile = Main;
				INFOPLIST_KEY_UISupportedInterfaceOrientations = UIInterfaceOrientationPortrait;
				INFOPLIST_KEY_UISupportedInterfaceOrientations_iPad = "UIInterfaceOrientationPortrait UIInterfaceOrientationPortraitUpsideDown UIInterfaceOrientationLandscapeLeft UIInterfaceOrientationLandscapeRight";
				INFOPLIST_KEY_UISupportedInterfaceOrientations_iPhone = "UIInterfaceOrientationPortrait UIInterfaceOrientationLandscapeLeft UIInterfaceOrientationLandscapeRight";
				LD_RUNPATH_SEARCH_PATHS = (
					"$(inherited)",
					"@executable_path/Frameworks",
				);
				MARKETING_VERSION = 1.0;
				PRODUCT_BUNDLE_IDENTIFIER = com.ilkertacyildiz.BasicSnapchatClone;
				PRODUCT_NAME = "$(TARGET_NAME)";
				SWIFT_EMIT_LOC_STRINGS = YES;
				SWIFT_VERSION = 5.0;
				TARGETED_DEVICE_FAMILY = "1,2";
			};
			name = Release;
		};
/* End XCBuildConfiguration section */

/* Begin XCConfigurationList section */
		52819FA428BC0A7C006E0DB0 /* Build configuration list for PBXProject "BasicSnapchatClone" */ = {
			isa = XCConfigurationList;
			buildConfigurations = (
				52819FBB28BC0A7D006E0DB0 /* Debug */,
				52819FBC28BC0A7D006E0DB0 /* Release */,
			);
			defaultConfigurationIsVisible = 0;
			defaultConfigurationName = Release;
		};
		52819FBD28BC0A7D006E0DB0 /* Build configuration list for PBXNativeTarget "BasicSnapchatClone" */ = {
			isa = XCConfigurationList;
			buildConfigurations = (
				52819FBE28BC0A7D006E0DB0 /* Debug */,
				52819FBF28BC0A7D006E0DB0 /* Release */,
			);
			defaultConfigurationIsVisible = 0;
			defaultConfigurationName = Release;
		};
/* End XCConfigurationList section */

/* Begin XCRemoteSwiftPackageReference section */
		52819FC228BC0C72006E0DB0 /* XCRemoteSwiftPackageReference "firebase-ios-sdk" */ = {
			isa = XCRemoteSwiftPackageReference;
			repositoryURL = "https://github.com/firebase/firebase-ios-sdk";
			requirement = {
				kind = upToNextMajorVersion;
				minimumVersion = 9.0.0;
			};
		};
/* End XCRemoteSwiftPackageReference section */

/* Begin XCSwiftPackageProductDependency section */
		52819FC328BC0C72006E0DB0 /* FirebaseAnalytics */ = {
			isa = XCSwiftPackageProductDependency;
			package = 52819FC228BC0C72006E0DB0 /* XCRemoteSwiftPackageReference "firebase-ios-sdk" */;
			productName = FirebaseAnalytics;
		};
		52819FC528BC0C72006E0DB0 /* FirebaseAnalyticsOnDeviceConversion */ = {
			isa = XCSwiftPackageProductDependency;
			package = 52819FC228BC0C72006E0DB0 /* XCRemoteSwiftPackageReference "firebase-ios-sdk" */;
			productName = FirebaseAnalyticsOnDeviceConversion;
		};
		52819FC728BC0C72006E0DB0 /* FirebaseAnalyticsSwift */ = {
			isa = XCSwiftPackageProductDependency;
			package = 52819FC228BC0C72006E0DB0 /* XCRemoteSwiftPackageReference "firebase-ios-sdk" */;
			productName = FirebaseAnalyticsSwift;
		};
		52819FC928BC0C72006E0DB0 /* FirebaseAnalyticsWithoutAdIdSupport */ = {
			isa = XCSwiftPackageProductDependency;
			package = 52819FC228BC0C72006E0DB0 /* XCRemoteSwiftPackageReference "firebase-ios-sdk" */;
			productName = FirebaseAnalyticsWithoutAdIdSupport;
		};
		52819FCB28BC0C72006E0DB0 /* FirebaseAuth */ = {
			isa = XCSwiftPackageProductDependency;
			package = 52819FC228BC0C72006E0DB0 /* XCRemoteSwiftPackageReference "firebase-ios-sdk" */;
			productName = FirebaseAuth;
		};
		52819FCD28BC0C72006E0DB0 /* FirebaseAuthCombine-Community */ = {
			isa = XCSwiftPackageProductDependency;
			package = 52819FC228BC0C72006E0DB0 /* XCRemoteSwiftPackageReference "firebase-ios-sdk" */;
			productName = "FirebaseAuthCombine-Community";
		};
		52819FCF28BC0C72006E0DB0 /* FirebaseFirestore */ = {
			isa = XCSwiftPackageProductDependency;
			package = 52819FC228BC0C72006E0DB0 /* XCRemoteSwiftPackageReference "firebase-ios-sdk" */;
			productName = FirebaseFirestore;
		};
		52819FD128BC0C72006E0DB0 /* FirebaseFirestoreCombine-Community */ = {
			isa = XCSwiftPackageProductDependency;
			package = 52819FC228BC0C72006E0DB0 /* XCRemoteSwiftPackageReference "firebase-ios-sdk" */;
			productName = "FirebaseFirestoreCombine-Community";
		};
		52819FD328BC0C72006E0DB0 /* FirebaseFirestoreSwift */ = {
			isa = XCSwiftPackageProductDependency;
			package = 52819FC228BC0C72006E0DB0 /* XCRemoteSwiftPackageReference "firebase-ios-sdk" */;
			productName = FirebaseFirestoreSwift;
		};
		52819FD528BC0C72006E0DB0 /* FirebaseStorage */ = {
			isa = XCSwiftPackageProductDependency;
			package = 52819FC228BC0C72006E0DB0 /* XCRemoteSwiftPackageReference "firebase-ios-sdk" */;
			productName = FirebaseStorage;
		};
		52819FD728BC0C72006E0DB0 /* FirebaseStorageCombine-Community */ = {
			isa = XCSwiftPackageProductDependency;
			package = 52819FC228BC0C72006E0DB0 /* XCRemoteSwiftPackageReference "firebase-ios-sdk" */;
			productName = "FirebaseStorageCombine-Community";
		};
/* End XCSwiftPackageProductDependency section */
	};
	rootObject = 52819FA128BC0A7C006E0DB0 /* Project object */;
}
